<?xml version="1.0" encoding="utf-8"?>
<Project ToolsVersion="4.0" xmlns="http://schemas.microsoft.com/developer/msbuild/2003">
  <ItemGroup>
    <Filter Include="Source Files">
      <UniqueIdentifier>{4FC737F1-C7A5-4376-A066-2A32D752A2FF}</UniqueIdentifier>
      <Extensions>cpp;c;cxx;def;odl;idl;hpj;bat;asm;asmx</Extensions>
    </Filter>
    <Filter Include="Header Files">
      <UniqueIdentifier>{93995380-89BD-4b04-88EB-625FBE52EBFB}</UniqueIdentifier>
      <Extensions>h;hpp;hxx;hm;inl;inc;xsd</Extensions>
    </Filter>
    <Filter Include="Resource Files">
      <UniqueIdentifier>{67DA6AB6-F800-4c08-8B7A-83BB121AAD01}</UniqueIdentifier>
      <Extensions>rc;ico;cur;bmp;dlg;rc2;rct;bin;rgs;gif;jpg;jpeg;jpe;resx</Extensions>
    </Filter>
  </ItemGroup>
  <ItemGroup>
    <ClCompile Include="src\Annot.cc">
      <Filter>Source Files</Filter>
    </ClCompile>
    <ClCompile Include="src\Array.cc">
      <Filter>Source Files</Filter>
    </ClCompile>
    <ClCompile Include="src\BuiltinFont.cc">
      <Filter>Source Files</Filter>
    </ClCompile>
    <ClCompile Include="src\BuiltinFontTables.cc">
      <Filter>Source Files</Filter>
    </ClCompile>
    <ClCompile Include="src\Catalog.cc">
      <Filter>Source Files</Filter>
    </ClCompile>
    <ClCompile Include="src\CharCodeToUnicode.cc">
      <Filter>Source Files</Filter>
    </ClCompile>
    <ClCompile Include="src\CMap.cc">
      <Filter>Source Files</Filter>
    </ClCompile>
    <ClCompile Include="src\Decrypt.cc">
      <Filter>Source Files</Filter>
    </ClCompile>
    <ClCompile Include="src\Dict.cc">
      <Filter>Source Files</Filter>
    </ClCompile>
    <ClCompile Include="src\Error.cc">
      <Filter>Source Files</Filter>
    </ClCompile>
    <ClCompile Include="src\FoFiBase.cc">
      <Filter>Source Files</Filter>
    </ClCompile>
    <ClCompile Include="src\FoFiEncodings.cc">
      <Filter>Source Files</Filter>
    </ClCompile>
    <ClCompile Include="src\FoFiTrueType.cc">
      <Filter>Source Files</Filter>
    </ClCompile>
    <ClCompile Include="src\FoFiType1.cc">
      <Filter>Source Files</Filter>
    </ClCompile>
    <ClCompile Include="src\FoFiType1C.cc">
      <Filter>Source Files</Filter>
    </ClCompile>
    <ClCompile Include="src\FontEncodingTables.cc">
      <Filter>Source Files</Filter>
    </ClCompile>
    <ClCompile Include="src\Function.cc">
      <Filter>Source Files</Filter>
    </ClCompile>
    <ClCompile Include="src\gfile.cc">
      <Filter>Source Files</Filter>
    </ClCompile>
    <ClCompile Include="src\Gfx.cc">
      <Filter>Source Files</Filter>
    </ClCompile>
    <ClCompile Include="src\GfxFont.cc">
      <Filter>Source Files</Filter>
    </ClCompile>
    <ClCompile Include="src\GfxState.cc">
      <Filter>Source Files</Filter>
    </ClCompile>
    <ClCompile Include="src\GHash.cc">
      <Filter>Source Files</Filter>
    </ClCompile>
    <ClCompile Include="src\GList.cc">
      <Filter>Source Files</Filter>
    </ClCompile>
    <ClCompile Include="src\GlobalParams.cc">
      <Filter>Source Files</Filter>
    </ClCompile>
    <ClCompile Include="src\gmem.cc">
      <Filter>Source Files</Filter>
    </ClCompile>
    <ClCompile Include="src\GString.cc">
      <Filter>Source Files</Filter>
    </ClCompile>
    <ClCompile Include="src\JArithmeticDecoder.cc">
      <Filter>Source Files</Filter>
    </ClCompile>
    <ClCompile Include="src\JBIG2Stream.cc">
      <Filter>Source Files</Filter>
    </ClCompile>
    <ClCompile Include="src\JPXStream.cc">
      <Filter>Source Files</Filter>
    </ClCompile>
    <ClCompile Include="src\Lexer.cc">
      <Filter>Source Files</Filter>
    </ClCompile>
    <ClCompile Include="src\Link.cc">
      <Filter>Source Files</Filter>
    </ClCompile>
    <ClCompile Include="src\NameToCharCode.cc">
      <Filter>Source Files</Filter>
    </ClCompile>
    <ClCompile Include="src\Object.cc">
      <Filter>Source Files</Filter>
    </ClCompile>
    <ClCompile Include="src\Outline.cc">
      <Filter>Source Files</Filter>
    </ClCompile>
    <ClCompile Include="src\OutputDev.cc">
      <Filter>Source Files</Filter>
    </ClCompile>
    <ClCompile Include="src\Page.cc">
      <Filter>Source Files</Filter>
    </ClCompile>
    <ClCompile Include="src\parseargs.c">
      <Filter>Source Files</Filter>
    </ClCompile>
    <ClCompile Include="src\PDFDoc.cc">
      <Filter>Source Files</Filter>
    </ClCompile>
    <ClCompile Include="src\PDFDocEncoding.cc">
      <Filter>Source Files</Filter>
    </ClCompile>
    <ClCompile Include="src\PSOutputDev.cc">
      <Filter>Source Files</Filter>
    </ClCompile>
    <ClCompile Include="src\PSTokenizer.cc">
      <Filter>Source Files</Filter>
    </ClCompile>
    <ClCompile Include="src\SecurityHandler.cc">
      <Filter>Source Files</Filter>
    </ClCompile>
    <ClCompile Include="src\Stream.cc">
      <Filter>Source Files</Filter>
    </ClCompile>
    <ClCompile Include="src\TextOutputDev.cc">
      <Filter>Source Files</Filter>
    </ClCompile>
    <ClCompile Include="src\UnicodeMap.cc">
      <Filter>Source Files</Filter>
    </ClCompile>
    <ClCompile Include="src\UnicodeTypeTable.cc">
      <Filter>Source Files</Filter>
    </ClCompile>
    <ClCompile Include="src\xpdfParser.cc">
      <Filter>Source Files</Filter>
    </ClCompile>
    <ClCompile Include="src\XRef.cc">
      <Filter>Source Files</Filter>
    </ClCompile>
  </ItemGroup>
  <ItemGroup>
    <ClInclude Include="include\about-text.h">
      <Filter>Header Files</Filter>
    </ClInclude>
    <ClInclude Include="include\aconf-win32.h">
      <Filter>Header Files</Filter>
    </ClInclude>
    <ClInclude Include="include\aconf.h">
      <Filter>Header Files</Filter>
    </ClInclude>
    <ClInclude Include="include\aconf2.h">
      <Filter>Header Files</Filter>
    </ClInclude>
    <ClInclude Include="include\Annot.h">
      <Filter>Header Files</Filter>
    </ClInclude>
    <ClInclude Include="include\Array.h">
      <Filter>Header Files</Filter>
    </ClInclude>
    <ClInclude Include="include\BuiltinFont.h">
      <Filter>Header Files</Filter>
    </ClInclude>
    <ClInclude Include="include\BuiltinFontTables.h">
      <Filter>Header Files</Filter>
    </ClInclude>
    <ClInclude Include="include\Catalog.h">
      <Filter>Header Files</Filter>
    </ClInclude>
    <ClInclude Include="include\CharCodeToUnicode.h">
      <Filter>Header Files</Filter>
    </ClInclude>
    <ClInclude Include="include\CharTypes.h">
      <Filter>Header Files</Filter>
    </ClInclude>
    <ClInclude Include="include\CMap.h">
      <Filter>Header Files</Filter>
    </ClInclude>
    <ClInclude Include="include\CompactFontTables.h">
      <Filter>Header Files</Filter>
    </ClInclude>
    <ClInclude Include="include\config.h">
      <Filter>Header Files</Filter>
    </ClInclude>
    <ClInclude Include="include\Decrypt.h">
      <Filter>Header Files</Filter>
    </ClInclude>
    <ClInclude Include="include\Dict.h">
      <Filter>Header Files</Filter>
    </ClInclude>
    <ClInclude Include="include\Error.h">
      <Filter>Header Files</Filter>
    </ClInclude>
    <ClInclude Include="include\ErrorCodes.h">
      <Filter>Header Files</Filter>
    </ClInclude>
    <ClInclude Include="include\FoFiBase.h">
      <Filter>Header Files</Filter>
    </ClInclude>
    <ClInclude Include="include\FoFiEncodings.h">
      <Filter>Header Files</Filter>
    </ClInclude>
    <ClInclude Include="include\FoFiTrueType.h">
      <Filter>Header Files</Filter>
    </ClInclude>
    <ClInclude Include="include\FoFiType1.h">
      <Filter>Header Files</Filter>
    </ClInclude>
    <ClInclude Include="include\FoFiType1C.h">
      <Filter>Header Files</Filter>
    </ClInclude>
    <ClInclude Include="include\FontEncodingTables.h">
      <Filter>Header Files</Filter>
    </ClInclude>
    <ClInclude Include="include\Function.h">
      <Filter>Header Files</Filter>
    </ClInclude>
    <ClInclude Include="include\gfile.h">
      <Filter>Header Files</Filter>
    </ClInclude>
    <ClInclude Include="include\Gfx.h">
      <Filter>Header Files</Filter>
    </ClInclude>
    <ClInclude Include="include\GfxFont.h">
      <Filter>Header Files</Filter>
    </ClInclude>
    <ClInclude Include="include\GfxState.h">
      <Filter>Header Files</Filter>
    </ClInclude>
    <ClInclude Include="include\GHash.h">
      <Filter>Header Files</Filter>
    </ClInclude>
    <ClInclude Include="include\GList.h">
      <Filter>Header Files</Filter>
    </ClInclude>
    <ClInclude Include="include\GlobalParams.h">
      <Filter>Header Files</Filter>
    </ClInclude>
    <ClInclude Include="include\gmem.h">
      <Filter>Header Files</Filter>
    </ClInclude>
    <ClInclude Include="include\GMutex.h">
      <Filter>Header Files</Filter>
    </ClInclude>
    <ClInclude Include="include\GString.h">
      <Filter>Header Files</Filter>
    </ClInclude>
    <ClInclude Include="include\gtypes.h">
      <Filter>Header Files</Filter>
    </ClInclude>
    <ClInclude Include="include\JArithmeticDecoder.h">
      <Filter>Header Files</Filter>
    </ClInclude>
    <ClInclude Include="include\JBIG2Stream.h">
      <Filter>Header Files</Filter>
    </ClInclude>
    <ClInclude Include="include\JPXStream.h">
      <Filter>Header Files</Filter>
    </ClInclude>
    <ClInclude Include="include\Lexer.h">
      <Filter>Header Files</Filter>
    </ClInclude>
    <ClInclude Include="include\Link.h">
      <Filter>Header Files</Filter>
    </ClInclude>
    <ClInclude Include="include\NameToCharCode.h">
      <Filter>Header Files</Filter>
    </ClInclude>
    <ClInclude Include="include\NameToUnicodeTable.h">
      <Filter>Header Files</Filter>
    </ClInclude>
    <ClInclude Include="include\Object.h">
      <Filter>Header Files</Filter>
    </ClInclude>
    <ClInclude Include="include\Outline.h">
      <Filter>Header Files</Filter>
    </ClInclude>
    <ClInclude Include="include\OutputDev.h">
      <Filter>Header Files</Filter>
    </ClInclude>
    <ClInclude Include="include\Page.h">
      <Filter>Header Files</Filter>
    </ClInclude>
    <ClInclude Include="include\parseargs.h">
      <Filter>Header Files</Filter>
    </ClInclude>
    <ClInclude Include="include\Parser.h">
      <Filter>Header Files</Filter>
    </ClInclude>
    <ClInclude Include="include\PDFDoc.h">
      <Filter>Header Files</Filter>
    </ClInclude>
    <ClInclude Include="include\PDFDocEncoding.h">
      <Filter>Header Files</Filter>
    </ClInclude>
    <ClInclude Include="include\PreScanOutputDev.h">
      <Filter>Header Files</Filter>
    </ClInclude>
    <ClInclude Include="include\PSOutputDev.h">
      <Filter>Header Files</Filter>
    </ClInclude>
    <ClInclude Include="include\PSTokenizer.h">
      <Filter>Header Files</Filter>
    </ClInclude>
    <ClInclude Include="include\SecurityHandler.h">
      <Filter>Header Files</Filter>
    </ClInclude>
    <ClInclude Include="include\Stream-CCITT.h">
      <Filter>Header Files</Filter>
    </ClInclude>
    <ClInclude Include="include\Stream.h">
      <Filter>Header Files</Filter>
    </ClInclude>
    <ClInclude Include="include\TextOutputDev.h">
      <Filter>Header Files</Filter>
    </ClInclude>
    <ClInclude Include="include\UnicodeMap.h">
      <Filter>Header Files</Filter>
    </ClInclude>
    <ClInclude Include="include\UnicodeMapTables.h">
      <Filter>Header Files</Filter>
    </ClInclude>
    <ClInclude Include="include\UnicodeTypeTable.h">
      <Filter>Header Files</Filter>
    </ClInclude>
    <ClInclude Include="include\UTF8.h">
      <Filter>Header Files</Filter>
    </ClInclude>
    <ClInclude Include="include\XRef.h">
      <Filter>Header Files</Filter>
    </ClInclude>
  </ItemGroup>
</Project>
