<?xml version="1.0" encoding="utf-8"?>
<Project ToolsVersion="4.0" xmlns="http://schemas.microsoft.com/developer/msbuild/2003">
  <ItemGroup>
    <Filter Include="Source Files">
      <UniqueIdentifier>{4FC737F1-C7A5-4376-A066-2A32D752A2FF}</UniqueIdentifier>
      <Extensions>cpp;c;cxx;def;odl;idl;hpj;bat;asm;asmx</Extensions>
    </Filter>
    <Filter Include="Header Files">
      <UniqueIdentifier>{93995380-89BD-4b04-88EB-625FBE52EBFB}</UniqueIdentifier>
      <Extensions>h;hpp;hxx;hm;inl;inc;xsd</Extensions>
    </Filter>
  </ItemGroup>
  <ItemGroup>
    <ClCompile Include="src\antlrParser.cpp">
      <Filter>Source Files</Filter>
    </ClCompile>
    <ClCompile Include="src\ANTLRUtil.cpp">
      <Filter>Source Files</Filter>
    </ClCompile>
    <ClCompile Include="src\ASTFactory.cpp">
      <Filter>Source Files</Filter>
    </ClCompile>
    <ClCompile Include="src\ASTNULLType.cpp">
      <Filter>Source Files</Filter>
    </ClCompile>
    <ClCompile Include="src\ASTRefCount.cpp">
      <Filter>Source Files</Filter>
    </ClCompile>
    <ClCompile Include="src\BaseAST.cpp">
      <Filter>Source Files</Filter>
    </ClCompile>
    <ClCompile Include="src\BitSet.cpp">
      <Filter>Source Files</Filter>
    </ClCompile>
    <ClCompile Include="src\CharBuffer.cpp">
      <Filter>Source Files</Filter>
    </ClCompile>
    <ClCompile Include="src\CharScanner.cpp">
      <Filter>Source Files</Filter>
    </ClCompile>
    <ClCompile Include="src\CommonAST.cpp">
      <Filter>Source Files</Filter>
    </ClCompile>
    <ClCompile Include="src\CommonASTWithHiddenTokens.cpp">
      <Filter>Source Files</Filter>
    </ClCompile>
    <ClCompile Include="src\CommonHiddenStreamToken.cpp">
      <Filter>Source Files</Filter>
    </ClCompile>
    <ClCompile Include="src\CommonToken.cpp">
      <Filter>Source Files</Filter>
    </ClCompile>
    <ClCompile Include="src\InputBuffer.cpp">
      <Filter>Source Files</Filter>
    </ClCompile>
    <ClCompile Include="src\LLkParser.cpp">
      <Filter>Source Files</Filter>
    </ClCompile>
    <ClCompile Include="src\MismatchedCharException.cpp">
      <Filter>Source Files</Filter>
    </ClCompile>
    <ClCompile Include="src\MismatchedTokenException.cpp">
      <Filter>Source Files</Filter>
    </ClCompile>
    <ClCompile Include="src\NoViableAltException.cpp">
      <Filter>Source Files</Filter>
    </ClCompile>
    <ClCompile Include="src\NoViableAltForCharException.cpp">
      <Filter>Source Files</Filter>
    </ClCompile>
    <ClCompile Include="src\RecognitionException.cpp">
      <Filter>Source Files</Filter>
    </ClCompile>
    <ClCompile Include="src\String.cpp">
      <Filter>Source Files</Filter>
    </ClCompile>
    <ClCompile Include="src\Token.cpp">
      <Filter>Source Files</Filter>
    </ClCompile>
    <ClCompile Include="src\TokenBuffer.cpp">
      <Filter>Source Files</Filter>
    </ClCompile>
    <ClCompile Include="src\TokenStreamBasicFilter.cpp">
      <Filter>Source Files</Filter>
    </ClCompile>
    <ClCompile Include="src\TokenStreamHiddenTokenFilter.cpp">
      <Filter>Source Files</Filter>
    </ClCompile>
    <ClCompile Include="src\TokenStreamSelector.cpp">
      <Filter>Source Files</Filter>
    </ClCompile>
    <ClCompile Include="src\TreeParser.cpp">
      <Filter>Source Files</Filter>
    </ClCompile>
  </ItemGroup>
  <ItemGroup>
    <ClInclude Include="include\antlr\ANTLRException.hpp">
      <Filter>Header Files</Filter>
    </ClInclude>
    <ClInclude Include="include\antlr\ANTLRUtil.hpp">
      <Filter>Header Files</Filter>
    </ClInclude>
    <ClInclude Include="include\antlr\AST.hpp">
      <Filter>Header Files</Filter>
    </ClInclude>
    <ClInclude Include="include\antlr\ASTArray.hpp">
      <Filter>Header Files</Filter>
    </ClInclude>
    <ClInclude Include="include\antlr\ASTFactory.hpp">
      <Filter>Header Files</Filter>
    </ClInclude>
    <ClInclude Include="include\antlr\ASTNULLType.hpp">
      <Filter>Header Files</Filter>
    </ClInclude>
    <ClInclude Include="include\antlr\ASTPair.hpp">
      <Filter>Header Files</Filter>
    </ClInclude>
    <ClInclude Include="include\antlr\ASTRefCount.hpp">
      <Filter>Header Files</Filter>
    </ClInclude>
    <ClInclude Include="include\antlr\BaseAST.hpp">
      <Filter>Header Files</Filter>
    </ClInclude>
    <ClInclude Include="include\antlr\BitSet.hpp">
      <Filter>Header Files</Filter>
    </ClInclude>
    <ClInclude Include="include\antlr\CharBuffer.hpp">
      <Filter>Header Files</Filter>
    </ClInclude>
    <ClInclude Include="include\antlr\CharInputBuffer.hpp">
      <Filter>Header Files</Filter>
    </ClInclude>
    <ClInclude Include="include\antlr\CharScanner.hpp">
      <Filter>Header Files</Filter>
    </ClInclude>
    <ClInclude Include="include\antlr\CharStreamException.hpp">
      <Filter>Header Files</Filter>
    </ClInclude>
    <ClInclude Include="include\antlr\CharStreamIOException.hpp">
      <Filter>Header Files</Filter>
    </ClInclude>
    <ClInclude Include="include\antlr\CircularQueue.hpp">
      <Filter>Header Files</Filter>
    </ClInclude>
    <ClInclude Include="include\antlr\CommonAST.hpp">
      <Filter>Header Files</Filter>
    </ClInclude>
    <ClInclude Include="include\antlr\CommonASTWithHiddenTokens.hpp">
      <Filter>Header Files</Filter>
    </ClInclude>
    <ClInclude Include="include\antlr\CommonHiddenStreamToken.hpp">
      <Filter>Header Files</Filter>
    </ClInclude>
    <ClInclude Include="include\antlr\CommonToken.hpp">
      <Filter>Header Files</Filter>
    </ClInclude>
    <ClInclude Include="include\antlr\config.hpp">
      <Filter>Header Files</Filter>
    </ClInclude>
    <ClInclude Include="include\antlr\InputBuffer.hpp">
      <Filter>Header Files</Filter>
    </ClInclude>
    <ClInclude Include="include\antlr\IOException.hpp">
      <Filter>Header Files</Filter>
    </ClInclude>
    <ClInclude Include="include\antlr\LexerSharedInputState.hpp">
      <Filter>Header Files</Filter>
    </ClInclude>
    <ClInclude Include="include\antlr\LLkParser.hpp">
      <Filter>Header Files</Filter>
    </ClInclude>
    <ClInclude Include="include\antlr\MismatchedCharException.hpp">
      <Filter>Header Files</Filter>
    </ClInclude>
    <ClInclude Include="include\antlr\MismatchedTokenException.hpp">
      <Filter>Header Files</Filter>
    </ClInclude>
    <ClInclude Include="include\antlr\NoViableAltException.hpp">
      <Filter>Header Files</Filter>
    </ClInclude>
    <ClInclude Include="include\antlr\NoViableAltForCharException.hpp">
      <Filter>Header Files</Filter>
    </ClInclude>
    <ClInclude Include="include\antlr\Parser.hpp">
      <Filter>Header Files</Filter>
    </ClInclude>
    <ClInclude Include="include\antlr\ParserSharedInputState.hpp">
      <Filter>Header Files</Filter>
    </ClInclude>
    <ClInclude Include="include\antlr\RecognitionException.hpp">
      <Filter>Header Files</Filter>
    </ClInclude>
    <ClInclude Include="include\antlr\RefCount.hpp">
      <Filter>Header Files</Filter>
    </ClInclude>
    <ClInclude Include="include\antlr\SemanticException.hpp">
      <Filter>Header Files</Filter>
    </ClInclude>
    <ClInclude Include="include\antlr\String.hpp">
      <Filter>Header Files</Filter>
    </ClInclude>
    <ClInclude Include="include\antlr\Token.hpp">
      <Filter>Header Files</Filter>
    </ClInclude>
    <ClInclude Include="include\antlr\TokenBuffer.hpp">
      <Filter>Header Files</Filter>
    </ClInclude>
    <ClInclude Include="include\antlr\TokenStream.hpp">
      <Filter>Header Files</Filter>
    </ClInclude>
    <ClInclude Include="include\antlr\TokenStreamBasicFilter.hpp">
      <Filter>Header Files</Filter>
    </ClInclude>
    <ClInclude Include="include\antlr\TokenStreamException.hpp">
      <Filter>Header Files</Filter>
    </ClInclude>
    <ClInclude Include="include\antlr\TokenStreamHiddenTokenFilter.hpp">
      <Filter>Header Files</Filter>
    </ClInclude>
    <ClInclude Include="include\antlr\TokenStreamIOException.hpp">
      <Filter>Header Files</Filter>
    </ClInclude>
    <ClInclude Include="include\antlr\TokenStreamRecognitionException.hpp">
      <Filter>Header Files</Filter>
    </ClInclude>
    <ClInclude Include="include\antlr\TokenStreamRetryException.hpp">
      <Filter>Header Files</Filter>
    </ClInclude>
    <ClInclude Include="include\antlr\TokenStreamSelector.hpp">
      <Filter>Header Files</Filter>
    </ClInclude>
    <ClInclude Include="include\antlr\TreeParser.hpp">
      <Filter>Header Files</Filter>
    </ClInclude>
    <ClInclude Include="include\antlr\TreeParserSharedInputState.hpp">
      <Filter>Header Files</Filter>
    </ClInclude>
  </ItemGroup>
</Project>
