<?xml version="1.0" encoding="utf-8"?>
<Project ToolsVersion="4.0" xmlns="http://schemas.microsoft.com/developer/msbuild/2003">
  <ItemGroup>
    <Filter Include="Source Files">
      <UniqueIdentifier>{4FC737F1-C7A5-4376-A066-2A32D752A2FF}</UniqueIdentifier>
      <Extensions>cpp;c;cxx;def;odl;idl;hpj;bat;asm;asmx</Extensions>
    </Filter>
    <Filter Include="Header Files">
      <UniqueIdentifier>{93995380-89BD-4b04-88EB-625FBE52EBFB}</UniqueIdentifier>
      <Extensions>h;hpp;hxx;hm;inl;inc;xsd</Extensions>
    </Filter>
    <Filter Include="Resource Files">
      <UniqueIdentifier>{67DA6AB6-F800-4c08-8B7A-83BB121AAD01}</UniqueIdentifier>
      <Extensions>rc;ico;cur;bmp;dlg;rc2;rct;bin;rgs;gif;jpg;jpeg;jpe;resx</Extensions>
    </Filter>
  </ItemGroup>
  <ItemGroup>
    <ClCompile Include="AnchorTextHarvester.cpp">
      <Filter>Source Files</Filter>
    </ClCompile>
    <ClCompile Include="Annotator.cpp">
      <Filter>Source Files</Filter>
    </ClCompile>
    <ClCompile Include="Arabic_Stemmer_utf8.cpp">
      <Filter>Source Files</Filter>
    </ClCompile>
    <ClCompile Include="ArabicStemmerTransformation.cpp">
      <Filter>Source Files</Filter>
    </ClCompile>
    <ClCompile Include="BooleanAndNode.cpp">
      <Filter>Source Files</Filter>
    </ClCompile>
    <ClCompile Include="BulkTree.cpp">
      <Filter>Source Files</Filter>
    </ClCompile>
    <ClCompile Include="CachedFrequencyBeliefNode.cpp">
      <Filter>Source Files</Filter>
    </ClCompile>
    <ClCompile Include="CombinedVocabularyIterator.cpp">
      <Filter>Source Files</Filter>
    </ClCompile>
    <ClCompile Include="Combiner.cpp">
      <Filter>Source Files</Filter>
    </ClCompile>
    <ClCompile Include="CompressedCollection.cpp">
      <Filter>Source Files</Filter>
    </ClCompile>
    <ClCompile Include="ContextCountAccumulator.cpp">
      <Filter>Source Files</Filter>
    </ClCompile>
    <ClCompile Include="ContextInclusionAndNode.cpp">
      <Filter>Source Files</Filter>
    </ClCompile>
    <ClCompile Include="ContextSimpleCountAccumulator.cpp">
      <Filter>Source Files</Filter>
    </ClCompile>
    <ClCompile Include="Copier.cpp">
      <Filter>Source Files</Filter>
    </ClCompile>
    <ClCompile Include="DeletedDocumentList.cpp">
      <Filter>Source Files</Filter>
    </ClCompile>
    <ClCompile Include="DirectoryIterator.cpp">
      <Filter>Source Files</Filter>
    </ClCompile>
    <ClCompile Include="DiskDocExtentListIterator.cpp">
      <Filter>Source Files</Filter>
    </ClCompile>
    <ClCompile Include="DiskDocListFileIterator.cpp">
      <Filter>Source Files</Filter>
    </ClCompile>
    <ClCompile Include="DiskDocListIterator.cpp">
      <Filter>Source Files</Filter>
    </ClCompile>
    <ClCompile Include="DiskDocumentDataIterator.cpp">
      <Filter>Source Files</Filter>
    </ClCompile>
    <ClCompile Include="DiskFrequentVocabularyIterator.cpp">
      <Filter>Source Files</Filter>
    </ClCompile>
    <ClCompile Include="DiskIndex.cpp">
      <Filter>Source Files</Filter>
    </ClCompile>
    <ClCompile Include="DiskKeyfileVocabularyIterator.cpp">
      <Filter>Source Files</Filter>
    </ClCompile>
    <ClCompile Include="DiskTermListFileIterator.cpp">
      <Filter>Source Files</Filter>
    </ClCompile>
    <ClCompile Include="DocExtentListMemoryBuilder.cpp">
      <Filter>Source Files</Filter>
    </ClCompile>
    <ClCompile Include="DocExtentListMemoryBuilderIterator.cpp">
      <Filter>Source Files</Filter>
    </ClCompile>
    <ClCompile Include="DocListIteratorNode.cpp">
      <Filter>Source Files</Filter>
    </ClCompile>
    <ClCompile Include="DocListMemoryBuilder.cpp">
      <Filter>Source Files</Filter>
    </ClCompile>
    <ClCompile Include="DocListMemoryBuilderIterator.cpp">
      <Filter>Source Files</Filter>
    </ClCompile>
    <ClCompile Include="DocumentIteratorFactory.cpp">
      <Filter>Source Files</Filter>
    </ClCompile>
    <ClCompile Include="DocumentStructure.cpp">
      <Filter>Source Files</Filter>
    </ClCompile>
    <ClCompile Include="DocumentStructureHolderNode.cpp">
      <Filter>Source Files</Filter>
    </ClCompile>
    <ClCompile Include="DocumentVector.cpp">
      <Filter>Source Files</Filter>
    </ClCompile>
    <ClCompile Include="ExtentAndNode.cpp">
      <Filter>Source Files</Filter>
    </ClCompile>
    <ClCompile Include="ExtentChildNode.cpp">
      <Filter>Source Files</Filter>
    </ClCompile>
    <ClCompile Include="ExtentDescendantNode.cpp">
      <Filter>Source Files</Filter>
    </ClCompile>
    <ClCompile Include="ExtentEnforcementNode.cpp">
      <Filter>Source Files</Filter>
    </ClCompile>
    <ClCompile Include="ExtentInsideNode.cpp">
      <Filter>Source Files</Filter>
    </ClCompile>
    <ClCompile Include="ExtentOrNode.cpp">
      <Filter>Source Files</Filter>
    </ClCompile>
    <ClCompile Include="ExtentParentNode.cpp">
      <Filter>Source Files</Filter>
    </ClCompile>
    <ClCompile Include="ExtentRestrictionNode.cpp">
      <Filter>Source Files</Filter>
    </ClCompile>
    <ClCompile Include="FieldBetweenNode.cpp">
      <Filter>Source Files</Filter>
    </ClCompile>
    <ClCompile Include="FieldEqualsNode.cpp">
      <Filter>Source Files</Filter>
    </ClCompile>
    <ClCompile Include="FieldGreaterNode.cpp">
      <Filter>Source Files</Filter>
    </ClCompile>
    <ClCompile Include="FieldIteratorNode.cpp">
      <Filter>Source Files</Filter>
    </ClCompile>
    <ClCompile Include="FieldLessNode.cpp">
      <Filter>Source Files</Filter>
    </ClCompile>
    <ClCompile Include="FieldWildcardNode.cpp">
      <Filter>Source Files</Filter>
    </ClCompile>
    <ClCompile Include="File.cpp">
      <Filter>Source Files</Filter>
    </ClCompile>
    <ClCompile Include="FileClassEnvironmentFactory.cpp">
      <Filter>Source Files</Filter>
    </ClCompile>
    <ClCompile Include="FileTreeIterator.cpp">
      <Filter>Source Files</Filter>
    </ClCompile>
    <ClCompile Include="FilterRejectNode.cpp">
      <Filter>Source Files</Filter>
    </ClCompile>
    <ClCompile Include="FilterRequireNode.cpp">
      <Filter>Source Files</Filter>
    </ClCompile>
    <ClCompile Include="FixedPassageNode.cpp">
      <Filter>Source Files</Filter>
    </ClCompile>
    <ClCompile Include="HTMLParser.cpp">
      <Filter>Source Files</Filter>
    </ClCompile>
    <ClCompile Include="IndexEnvironment.cpp">
      <Filter>Source Files</Filter>
    </ClCompile>
    <ClCompile Include="IndexWriter.cpp">
      <Filter>Source Files</Filter>
    </ClCompile>
    <ClCompile Include="IndriTimer.cpp">
      <Filter>Source Files</Filter>
    </ClCompile>
    <ClCompile Include="InferenceNetwork.cpp">
      <Filter>Source Files</Filter>
    </ClCompile>
    <ClCompile Include="InferenceNetworkBuilder.cpp">
      <Filter>Source Files</Filter>
    </ClCompile>
    <ClCompile Include="KrovetzStemmer.cpp">
      <Filter>Source Files</Filter>
    </ClCompile>
    <ClCompile Include="KrovetzStemmerTransformation.cpp">
      <Filter>Source Files</Filter>
    </ClCompile>
    <ClCompile Include="LengthPriorNode.cpp">
      <Filter>Source Files</Filter>
    </ClCompile>
    <ClCompile Include="ListAccumulator.cpp">
      <Filter>Source Files</Filter>
    </ClCompile>
    <ClCompile Include="ListBeliefNode.cpp">
      <Filter>Source Files</Filter>
    </ClCompile>
    <ClCompile Include="LocalQueryServer.cpp">
      <Filter>Source Files</Filter>
    </ClCompile>
    <ClCompile Include="MboxDocumentIterator.cpp">
      <Filter>Source Files</Filter>
    </ClCompile>
    <ClCompile Include="MemoryDocumentDataIterator.cpp">
      <Filter>Source Files</Filter>
    </ClCompile>
    <ClCompile Include="MemoryIndex.cpp">
      <Filter>Source Files</Filter>
    </ClCompile>
    <ClCompile Include="MemoryIndexTermListFileIterator.cpp">
      <Filter>Source Files</Filter>
    </ClCompile>
    <ClCompile Include="NestedExtentInsideNode.cpp">
      <Filter>Source Files</Filter>
    </ClCompile>
    <ClCompile Include="NestedListBeliefNode.cpp">
      <Filter>Source Files</Filter>
    </ClCompile>
    <ClCompile Include="NetworkMessageStream.cpp">
      <Filter>Source Files</Filter>
    </ClCompile>
    <ClCompile Include="NetworkServerProxy.cpp">
      <Filter>Source Files</Filter>
    </ClCompile>
    <ClCompile Include="NetworkServerStub.cpp">
      <Filter>Source Files</Filter>
    </ClCompile>
    <ClCompile Include="NexiLexer.cpp">
      <Filter>Source Files</Filter>
    </ClCompile>
    <ClCompile Include="NexiParser.cpp">
      <Filter>Source Files</Filter>
    </ClCompile>
    <ClCompile Include="NormalizationTransformation.cpp">
      <Filter>Source Files</Filter>
    </ClCompile>
    <ClCompile Include="NotNode.cpp">
      <Filter>Source Files</Filter>
    </ClCompile>
    <ClCompile Include="NullListNode.cpp">
      <Filter>Source Files</Filter>
    </ClCompile>
    <ClCompile Include="NullScorerNode.cpp">
      <Filter>Source Files</Filter>
    </ClCompile>
    <ClCompile Include="OfficeHelper.cpp">
      <Filter>Source Files</Filter>
    </ClCompile>
    <ClCompile Include="OffsetAnnotationAnnotator.cpp">
      <Filter>Source Files</Filter>
    </ClCompile>
    <ClCompile Include="OffsetMetadataAnnotator.cpp">
      <Filter>Source Files</Filter>
    </ClCompile>
    <ClCompile Include="OrderedWindowNode.cpp">
      <Filter>Source Files</Filter>
    </ClCompile>
    <ClCompile Include="OrNode.cpp">
      <Filter>Source Files</Filter>
    </ClCompile>
    <ClCompile Include="Packer.cpp">
      <Filter>Source Files</Filter>
    </ClCompile>
    <ClCompile Include="PageRank.cpp">
      <Filter>Source Files</Filter>
    </ClCompile>
    <ClCompile Include="Parameters.cpp">
      <Filter>Source Files</Filter>
    </ClCompile>
    <ClCompile Include="ParserFactory.cpp">
      <Filter>Source Files</Filter>
    </ClCompile>
    <ClCompile Include="Path.cpp">
      <Filter>Source Files</Filter>
    </ClCompile>
    <ClCompile Include="PDFDocumentExtractor.cpp">
      <Filter>Source Files</Filter>
    </ClCompile>
    <ClCompile Include="PlusNode.cpp">
      <Filter>Source Files</Filter>
    </ClCompile>
    <ClCompile Include="PonteExpander.cpp">
      <Filter>Source Files</Filter>
    </ClCompile>
    <ClCompile Include="Porter_Stemmer.cpp">
      <Filter>Source Files</Filter>
    </ClCompile>
    <ClCompile Include="PorterStemmerTransformation.cpp">
      <Filter>Source Files</Filter>
    </ClCompile>
    <ClCompile Include="PowerPointDocumentExtractor.cpp">
      <Filter>Source Files</Filter>
    </ClCompile>
    <ClCompile Include="PriorFactory.cpp">
      <Filter>Source Files</Filter>
    </ClCompile>
    <ClCompile Include="PriorListIterator.cpp">
      <Filter>Source Files</Filter>
    </ClCompile>
    <ClCompile Include="PriorNode.cpp">
      <Filter>Source Files</Filter>
    </ClCompile>
    <ClCompile Include="QueryAnnotation.cpp">
      <Filter>Source Files</Filter>
    </ClCompile>
    <ClCompile Include="QueryEnvironment.cpp">
      <Filter>Source Files</Filter>
    </ClCompile>
    <ClCompile Include="QueryExpander.cpp">
      <Filter>Source Files</Filter>
    </ClCompile>
    <ClCompile Include="QueryLexer.cpp">
      <Filter>Source Files</Filter>
    </ClCompile>
    <ClCompile Include="QueryParser.cpp">
      <Filter>Source Files</Filter>
    </ClCompile>
    <ClCompile Include="QueryParserFactory.cpp">
      <Filter>Source Files</Filter>
    </ClCompile>
    <ClCompile Include="QueryStopper.cpp">
      <Filter>Source Files</Filter>
    </ClCompile>
    <ClCompile Include="ReformulateQuery.cpp">
      <Filter>Source Files</Filter>
    </ClCompile>
    <ClCompile Include="RelevanceModel.cpp">
      <Filter>Source Files</Filter>
    </ClCompile>
    <ClCompile Include="Repository.cpp">
      <Filter>Source Files</Filter>
    </ClCompile>
    <ClCompile Include="RepositoryLoadThread.cpp">
      <Filter>Source Files</Filter>
    </ClCompile>
    <ClCompile Include="RepositoryMaintenanceThread.cpp">
      <Filter>Source Files</Filter>
    </ClCompile>
    <ClCompile Include="RMExpander.cpp">
      <Filter>Source Files</Filter>
    </ClCompile>
    <ClCompile Include="ShrinkageBeliefNode.cpp">
      <Filter>Source Files</Filter>
    </ClCompile>
    <ClCompile Include="SnippetBuilder.cpp">
      <Filter>Source Files</Filter>
    </ClCompile>
    <ClCompile Include="StemmerFactory.cpp">
      <Filter>Source Files</Filter>
    </ClCompile>
    <ClCompile Include="StopperTransformation.cpp">
      <Filter>Source Files</Filter>
    </ClCompile>
    <ClCompile Include="StopStructureRemover.cpp">
      <Filter>Source Files</Filter>
    </ClCompile>
    <ClCompile Include="TaggedDocumentIterator.cpp">
      <Filter>Source Files</Filter>
    </ClCompile>
    <ClCompile Include="TaggedTextParser.cpp">
      <Filter>Source Files</Filter>
    </ClCompile>
    <ClCompile Include="TermFrequencyBeliefNode.cpp">
      <Filter>Source Files</Filter>
    </ClCompile>
    <ClCompile Include="TermScoreFunctionFactory.cpp">
      <Filter>Source Files</Filter>
    </ClCompile>
    <ClCompile Include="TextDocumentExtractor.cpp">
      <Filter>Source Files</Filter>
    </ClCompile>
    <ClCompile Include="TextParser.cpp">
      <Filter>Source Files</Filter>
    </ClCompile>
    <ClCompile Include="TextTokenizer.cpp">
      <Filter>Source Files</Filter>
    </ClCompile>
    <ClCompile Include="TFIDFExpander.cpp">
      <Filter>Source Files</Filter>
    </ClCompile>
    <ClCompile Include="TFIDFTermScoreFunction.cpp">
      <Filter>Source Files</Filter>
    </ClCompile>
    <ClCompile Include="Thread.cpp">
      <Filter>Source Files</Filter>
    </ClCompile>
    <ClCompile Include="TokenizerFactory.cpp">
      <Filter>Source Files</Filter>
    </ClCompile>
    <ClCompile Include="uint64comp.cpp">
      <Filter>Source Files</Filter>
    </ClCompile>
    <ClCompile Include="UnorderedWindowNode.cpp">
      <Filter>Source Files</Filter>
    </ClCompile>
    <ClCompile Include="Unpacker.cpp">
      <Filter>Source Files</Filter>
    </ClCompile>
    <ClCompile Include="UnpackerInternal.cpp">
      <Filter>Source Files</Filter>
    </ClCompile>
    <ClCompile Include="UTF8CaseNormalizationTransformation.cpp">
      <Filter>Source Files</Filter>
    </ClCompile>
    <ClCompile Include="UTF8Transcoder.cpp">
      <Filter>Source Files</Filter>
    </ClCompile>
    <ClCompile Include="UtilityThread.cpp">
      <Filter>Source Files</Filter>
    </ClCompile>
    <ClCompile Include="Walker.cpp">
      <Filter>Source Files</Filter>
    </ClCompile>
    <ClCompile Include="WARCDocumentIterator.cpp">
      <Filter>Source Files</Filter>
    </ClCompile>
    <ClCompile Include="WeightedAndNode.cpp">
      <Filter>Source Files</Filter>
    </ClCompile>
    <ClCompile Include="WeightedExtentOrNode.cpp">
      <Filter>Source Files</Filter>
    </ClCompile>
    <ClCompile Include="WeightedSumNode.cpp">
      <Filter>Source Files</Filter>
    </ClCompile>
    <ClCompile Include="WordDocumentExtractor.cpp">
      <Filter>Source Files</Filter>
    </ClCompile>
    <ClCompile Include="WPlusNode.cpp">
      <Filter>Source Files</Filter>
    </ClCompile>
    <ClCompile Include="XMLNode.cpp">
      <Filter>Source Files</Filter>
    </ClCompile>
    <ClCompile Include="XMLReader.cpp">
      <Filter>Source Files</Filter>
    </ClCompile>
    <ClCompile Include="XMLWriter.cpp">
      <Filter>Source Files</Filter>
    </ClCompile>
  </ItemGroup>
  <ItemGroup>
    <ClInclude Include="..\include\indri\AnchorTextAnnotator.hpp">
      <Filter>Header Files</Filter>
    </ClInclude>
    <ClInclude Include="..\include\indri\AnchorTextHarvester.hpp">
      <Filter>Header Files</Filter>
    </ClInclude>
    <ClInclude Include="..\include\indri\AnchorTextWriter.hpp">
      <Filter>Header Files</Filter>
    </ClInclude>
    <ClInclude Include="..\include\indri\Annotator.hpp">
      <Filter>Header Files</Filter>
    </ClInclude>
    <ClInclude Include="..\include\indri\Appliers.hpp">
      <Filter>Header Files</Filter>
    </ClInclude>
    <ClInclude Include="..\include\indri\Arabic_Stemmer_utf8.hpp">
      <Filter>Header Files</Filter>
    </ClInclude>
    <ClInclude Include="..\include\indri\ArabicStemmerTransformation.hpp">
      <Filter>Header Files</Filter>
    </ClInclude>
    <ClInclude Include="..\include\indri\atomic.hpp">
      <Filter>Header Files</Filter>
    </ClInclude>
    <ClInclude Include="..\include\indri\AttributeValuePair.hpp">
      <Filter>Header Files</Filter>
    </ClInclude>
    <ClInclude Include="..\include\indri\BeliefNode.hpp">
      <Filter>Header Files</Filter>
    </ClInclude>
    <ClInclude Include="..\include\indri\BooleanAndNode.hpp">
      <Filter>Header Files</Filter>
    </ClInclude>
    <ClInclude Include="..\include\indri\Buffer.hpp">
      <Filter>Header Files</Filter>
    </ClInclude>
    <ClInclude Include="..\include\indri\BulkTree.hpp">
      <Filter>Header Files</Filter>
    </ClInclude>
    <ClInclude Include="..\include\indri\CachedFrequencyBeliefNode.hpp">
      <Filter>Header Files</Filter>
    </ClInclude>
    <ClInclude Include="..\include\indri\Collection.hpp">
      <Filter>Header Files</Filter>
    </ClInclude>
    <ClInclude Include="..\include\indri\CombinedVocabularyIterator.hpp">
      <Filter>Header Files</Filter>
    </ClInclude>
    <ClInclude Include="..\include\indri\Combiner.hpp">
      <Filter>Header Files</Filter>
    </ClInclude>
    <ClInclude Include="..\include\indri\CompressedCollection.hpp">
      <Filter>Header Files</Filter>
    </ClInclude>
    <ClInclude Include="..\include\indri\ConditionVariable.hpp">
      <Filter>Header Files</Filter>
    </ClInclude>
    <ClInclude Include="..\include\indri\Conflater.hpp">
      <Filter>Header Files</Filter>
    </ClInclude>
    <ClInclude Include="..\include\indri\ConflationPattern.hpp">
      <Filter>Header Files</Filter>
    </ClInclude>
    <ClInclude Include="..\include\indri\ContextCountAccumulator.hpp">
      <Filter>Header Files</Filter>
    </ClInclude>
    <ClInclude Include="..\include\indri\ContextCountGraphCopier.hpp">
      <Filter>Header Files</Filter>
    </ClInclude>
    <ClInclude Include="..\include\indri\ContextCountGraphExtractor.hpp">
      <Filter>Header Files</Filter>
    </ClInclude>
    <ClInclude Include="..\include\indri\ContextInclusionAndNode.hpp">
      <Filter>Header Files</Filter>
    </ClInclude>
    <ClInclude Include="..\include\indri\ContextSimpleCountAccumulator.hpp">
      <Filter>Header Files</Filter>
    </ClInclude>
    <ClInclude Include="..\include\indri\ContextSimpleCountCollectorCopier.hpp">
      <Filter>Header Files</Filter>
    </ClInclude>
    <ClInclude Include="..\include\indri\Copier.hpp">
      <Filter>Header Files</Filter>
    </ClInclude>
    <ClInclude Include="..\include\indri\CorpusStatistics.hpp">
      <Filter>Header Files</Filter>
    </ClInclude>
    <ClInclude Include="..\include\indri\DagCopier.hpp">
      <Filter>Header Files</Filter>
    </ClInclude>
    <ClInclude Include="..\include\indri\DateFieldAnnotator.hpp">
      <Filter>Header Files</Filter>
    </ClInclude>
    <ClInclude Include="..\include\indri\DateParse.hpp">
      <Filter>Header Files</Filter>
    </ClInclude>
    <ClInclude Include="..\include\indri\delete_range.hpp">
      <Filter>Header Files</Filter>
    </ClInclude>
    <ClInclude Include="..\include\indri\DeletedDocumentList.hpp">
      <Filter>Header Files</Filter>
    </ClInclude>
    <ClInclude Include="..\include\indri\DirectoryIterator.hpp">
      <Filter>Header Files</Filter>
    </ClInclude>
    <ClInclude Include="..\include\indri\DirichletTermScoreFunction.hpp">
      <Filter>Header Files</Filter>
    </ClInclude>
    <ClInclude Include="..\include\indri\DiskDocExtentListIterator.hpp">
      <Filter>Header Files</Filter>
    </ClInclude>
    <ClInclude Include="..\include\indri\DiskDocListFileIterator.hpp">
      <Filter>Header Files</Filter>
    </ClInclude>
    <ClInclude Include="..\include\indri\DiskDocListIterator.hpp">
      <Filter>Header Files</Filter>
    </ClInclude>
    <ClInclude Include="..\include\indri\DiskDocumentDataIterator.hpp">
      <Filter>Header Files</Filter>
    </ClInclude>
    <ClInclude Include="..\include\indri\DiskFrequentVocabularyIterator.hpp">
      <Filter>Header Files</Filter>
    </ClInclude>
    <ClInclude Include="..\include\indri\DiskIndex.hpp">
      <Filter>Header Files</Filter>
    </ClInclude>
    <ClInclude Include="..\include\indri\DiskKeyfileVocabularyIterator.hpp">
      <Filter>Header Files</Filter>
    </ClInclude>
    <ClInclude Include="..\include\indri\DiskTermData.hpp">
      <Filter>Header Files</Filter>
    </ClInclude>
    <ClInclude Include="..\include\indri\DiskTermListFileIterator.hpp">
      <Filter>Header Files</Filter>
    </ClInclude>
    <ClInclude Include="..\include\indri\DocExtentListIterator.hpp">
      <Filter>Header Files</Filter>
    </ClInclude>
    <ClInclude Include="..\include\indri\DocExtentListMemoryBuilder.hpp">
      <Filter>Header Files</Filter>
    </ClInclude>
    <ClInclude Include="..\include\indri\DocListFileIterator.hpp">
      <Filter>Header Files</Filter>
    </ClInclude>
    <ClInclude Include="..\include\indri\DocListIterator.hpp">
      <Filter>Header Files</Filter>
    </ClInclude>
    <ClInclude Include="..\include\indri\DocListIteratorNode.hpp">
      <Filter>Header Files</Filter>
    </ClInclude>
    <ClInclude Include="..\include\indri\DocListMemoryBuilder.hpp">
      <Filter>Header Files</Filter>
    </ClInclude>
    <ClInclude Include="..\include\indri\DocumentCount.hpp">
      <Filter>Header Files</Filter>
    </ClInclude>
    <ClInclude Include="..\include\indri\DocumentData.hpp">
      <Filter>Header Files</Filter>
    </ClInclude>
    <ClInclude Include="..\include\indri\DocumentDataIterator.hpp">
      <Filter>Header Files</Filter>
    </ClInclude>
    <ClInclude Include="..\include\indri\DocumentIterator.hpp">
      <Filter>Header Files</Filter>
    </ClInclude>
    <ClInclude Include="..\include\indri\DocumentIteratorFactory.hpp">
      <Filter>Header Files</Filter>
    </ClInclude>
    <ClInclude Include="..\include\indri\DocumentStructure.hpp">
      <Filter>Header Files</Filter>
    </ClInclude>
    <ClInclude Include="..\include\indri\DocumentStructureHolderNode.hpp">
      <Filter>Header Files</Filter>
    </ClInclude>
    <ClInclude Include="..\include\indri\DocumentVector.hpp">
      <Filter>Header Files</Filter>
    </ClInclude>
    <ClInclude Include="..\include\indri\EvaluatorNode.hpp">
      <Filter>Header Files</Filter>
    </ClInclude>
    <ClInclude Include="..\include\indri\Extent.hpp">
      <Filter>Header Files</Filter>
    </ClInclude>
    <ClInclude Include="..\include\indri\ExtentAndNode.hpp">
      <Filter>Header Files</Filter>
    </ClInclude>
    <ClInclude Include="..\include\indri\ExtentChildNode.hpp">
      <Filter>Header Files</Filter>
    </ClInclude>
    <ClInclude Include="..\include\indri\ExtentDescendantNode.hpp">
      <Filter>Header Files</Filter>
    </ClInclude>
    <ClInclude Include="..\include\indri\ExtentEnforcementNode.hpp">
      <Filter>Header Files</Filter>
    </ClInclude>
    <ClInclude Include="..\include\indri\ExtentInsideNode.hpp">
      <Filter>Header Files</Filter>
    </ClInclude>
    <ClInclude Include="..\include\indri\ExtentOrNode.hpp">
      <Filter>Header Files</Filter>
    </ClInclude>
    <ClInclude Include="..\include\indri\ExtentParentNode.hpp">
      <Filter>Header Files</Filter>
    </ClInclude>
    <ClInclude Include="..\include\indri\ExtentRestrictionModelAnnotatorCopier.hpp">
      <Filter>Header Files</Filter>
    </ClInclude>
    <ClInclude Include="..\include\indri\ExtentRestrictionNode.hpp">
      <Filter>Header Files</Filter>
    </ClInclude>
    <ClInclude Include="..\include\indri\FieldBelowWalker.hpp">
      <Filter>Header Files</Filter>
    </ClInclude>
    <ClInclude Include="..\include\indri\FieldBetweenNode.hpp">
      <Filter>Header Files</Filter>
    </ClInclude>
    <ClInclude Include="..\include\indri\FieldEqualsNode.hpp">
      <Filter>Header Files</Filter>
    </ClInclude>
    <ClInclude Include="..\include\indri\FieldExtent.hpp">
      <Filter>Header Files</Filter>
    </ClInclude>
    <ClInclude Include="..\include\indri\FieldGreaterNode.hpp">
      <Filter>Header Files</Filter>
    </ClInclude>
    <ClInclude Include="..\include\indri\FieldIteratorNode.hpp">
      <Filter>Header Files</Filter>
    </ClInclude>
    <ClInclude Include="..\include\indri\FieldLessNode.hpp">
      <Filter>Header Files</Filter>
    </ClInclude>
    <ClInclude Include="..\include\indri\FieldListIterator.hpp">
      <Filter>Header Files</Filter>
    </ClInclude>
    <ClInclude Include="..\include\indri\FieldStatistics.hpp">
      <Filter>Header Files</Filter>
    </ClInclude>
    <ClInclude Include="..\include\indri\FieldWildcardNode.hpp">
      <Filter>Header Files</Filter>
    </ClInclude>
    <ClInclude Include="..\include\indri\File.hpp">
      <Filter>Header Files</Filter>
    </ClInclude>
    <ClInclude Include="..\include\indri\FileClassEnvironment.hpp">
      <Filter>Header Files</Filter>
    </ClInclude>
    <ClInclude Include="..\include\indri\FileClassEnvironmentFactory.hpp">
      <Filter>Header Files</Filter>
    </ClInclude>
    <ClInclude Include="..\include\indri\FileTreeIterator.hpp">
      <Filter>Header Files</Filter>
    </ClInclude>
    <ClInclude Include="..\include\indri\FilterNode.hpp">
      <Filter>Header Files</Filter>
    </ClInclude>
    <ClInclude Include="..\include\indri\FilterRejectNode.hpp">
      <Filter>Header Files</Filter>
    </ClInclude>
    <ClInclude Include="..\include\indri\FilterRequireNode.hpp">
      <Filter>Header Files</Filter>
    </ClInclude>
    <ClInclude Include="..\include\indri\FixedPassageNode.hpp">
      <Filter>Header Files</Filter>
    </ClInclude>
    <ClInclude Include="..\include\indri\FrequencyListCopier.hpp">
      <Filter>Header Files</Filter>
    </ClInclude>
    <ClInclude Include="..\include\indri\HashTable.hpp">
      <Filter>Header Files</Filter>
    </ClInclude>
    <ClInclude Include="..\include\indri\HTMLParser.hpp">
      <Filter>Header Files</Filter>
    </ClInclude>
    <ClInclude Include="..\include\indri\Index.hpp">
      <Filter>Header Files</Filter>
    </ClInclude>
    <ClInclude Include="..\include\indri\IndexEnvironment.hpp">
      <Filter>Header Files</Filter>
    </ClInclude>
    <ClInclude Include="..\include\indri\IndexWriter.hpp">
      <Filter>Header Files</Filter>
    </ClInclude>
    <ClInclude Include="..\include\indri\indri-platform.h">
      <Filter>Header Files</Filter>
    </ClInclude>
    <ClInclude Include="..\include\indri\IndriParser.hpp">
      <Filter>Header Files</Filter>
    </ClInclude>
    <ClInclude Include="..\include\indri\IndriTimer.hpp">
      <Filter>Header Files</Filter>
    </ClInclude>
    <ClInclude Include="..\include\indri\IndriTokenizer.hpp">
      <Filter>Header Files</Filter>
    </ClInclude>
    <ClInclude Include="..\include\indri\InferenceNetwork.hpp">
      <Filter>Header Files</Filter>
    </ClInclude>
    <ClInclude Include="..\include\indri\InferenceNetworkBuilder.hpp">
      <Filter>Header Files</Filter>
    </ClInclude>
    <ClInclude Include="..\include\indri\InferenceNetworkNode.hpp">
      <Filter>Header Files</Filter>
    </ClInclude>
    <ClInclude Include="..\include\indri\InternalFileBuffer.hpp">
      <Filter>Header Files</Filter>
    </ClInclude>
    <ClInclude Include="..\include\indri\JelinekMercerTermScoreFunction.hpp">
      <Filter>Header Files</Filter>
    </ClInclude>
    <ClInclude Include="..\include\indri\KrovetzStemmer.hpp">
      <Filter>Header Files</Filter>
    </ClInclude>
    <ClInclude Include="..\include\indri\KrovetzStemmerTransformation.hpp">
      <Filter>Header Files</Filter>
    </ClInclude>
    <ClInclude Include="..\include\indri\LengthPriorNode.hpp">
      <Filter>Header Files</Filter>
    </ClInclude>
    <ClInclude Include="..\include\indri\ListAccumulator.hpp">
      <Filter>Header Files</Filter>
    </ClInclude>
    <ClInclude Include="..\include\indri\ListBeliefNode.hpp">
      <Filter>Header Files</Filter>
    </ClInclude>
    <ClInclude Include="..\include\indri\ListCache.hpp">
      <Filter>Header Files</Filter>
    </ClInclude>
    <ClInclude Include="..\include\indri\ListIteratorNode.hpp">
      <Filter>Header Files</Filter>
    </ClInclude>
    <ClInclude Include="..\include\indri\LocalQueryServer.hpp">
      <Filter>Header Files</Filter>
    </ClInclude>
    <ClInclude Include="..\include\indri\Lockable.hpp">
      <Filter>Header Files</Filter>
    </ClInclude>
    <ClInclude Include="..\include\indri\MaxNode.hpp">
      <Filter>Header Files</Filter>
    </ClInclude>
    <ClInclude Include="..\include\indri\MboxDocumentIterator.hpp">
      <Filter>Header Files</Filter>
    </ClInclude>
    <ClInclude Include="..\include\indri\MemoryDocumentDataIterator.hpp">
      <Filter>Header Files</Filter>
    </ClInclude>
    <ClInclude Include="..\include\indri\MemoryIndex.hpp">
      <Filter>Header Files</Filter>
    </ClInclude>
    <ClInclude Include="..\include\indri\MemoryIndexDocListFileIterator.hpp">
      <Filter>Header Files</Filter>
    </ClInclude>
    <ClInclude Include="..\include\indri\MemoryIndexTermListFileIterator.hpp">
      <Filter>Header Files</Filter>
    </ClInclude>
    <ClInclude Include="..\include\indri\MemoryIndexVocabularyIterator.hpp">
      <Filter>Header Files</Filter>
    </ClInclude>
    <ClInclude Include="..\include\indri\MetadataPair.hpp">
      <Filter>Header Files</Filter>
    </ClInclude>
    <ClInclude Include="..\include\indri\Mutex.hpp">
      <Filter>Header Files</Filter>
    </ClInclude>
    <ClInclude Include="..\include\indri\NestedExtentInsideNode.hpp">
      <Filter>Header Files</Filter>
    </ClInclude>
    <ClInclude Include="..\include\indri\NestedListBeliefNode.hpp">
      <Filter>Header Files</Filter>
    </ClInclude>
    <ClInclude Include="..\include\indri\NetworkListener.hpp">
      <Filter>Header Files</Filter>
    </ClInclude>
    <ClInclude Include="..\include\indri\NetworkMessageStream.hpp">
      <Filter>Header Files</Filter>
    </ClInclude>
    <ClInclude Include="..\include\indri\NetworkServerProxy.hpp">
      <Filter>Header Files</Filter>
    </ClInclude>
    <ClInclude Include="..\include\indri\NetworkServerStub.hpp">
      <Filter>Header Files</Filter>
    </ClInclude>
    <ClInclude Include="..\include\indri\NetworkStream.hpp">
      <Filter>Header Files</Filter>
    </ClInclude>
    <ClInclude Include="..\include\indri\NexiLexer.hpp">
      <Filter>Header Files</Filter>
    </ClInclude>
    <ClInclude Include="..\include\indri\NexiLexerTokenTypes.hpp">
      <Filter>Header Files</Filter>
    </ClInclude>
    <ClInclude Include="..\include\indri\NexiParser.hpp">
      <Filter>Header Files</Filter>
    </ClInclude>
    <ClInclude Include="..\include\indri\NormalDistribution.hpp">
      <Filter>Header Files</Filter>
    </ClInclude>
    <ClInclude Include="..\include\indri\NormalizationTransformation.hpp">
      <Filter>Header Files</Filter>
    </ClInclude>
    <ClInclude Include="..\include\indri\NotNode.hpp">
      <Filter>Header Files</Filter>
    </ClInclude>
    <ClInclude Include="..\include\indri\NullListNode.hpp">
      <Filter>Header Files</Filter>
    </ClInclude>
    <ClInclude Include="..\include\indri\NullScorerNode.hpp">
      <Filter>Header Files</Filter>
    </ClInclude>
    <ClInclude Include="..\include\indri\NumericFieldAnnotator.hpp">
      <Filter>Header Files</Filter>
    </ClInclude>
    <ClInclude Include="..\include\indri\ObjectHandler.hpp">
      <Filter>Header Files</Filter>
    </ClInclude>
    <ClInclude Include="..\include\indri\OfficeHelper.hpp">
      <Filter>Header Files</Filter>
    </ClInclude>
    <ClInclude Include="..\include\indri\OffsetAnnotationAnnotator.hpp">
      <Filter>Header Files</Filter>
    </ClInclude>
    <ClInclude Include="..\include\indri\OffsetMetadataAnnotator.hpp">
      <Filter>Header Files</Filter>
    </ClInclude>
    <ClInclude Include="..\include\indri\OrderedWindowNode.hpp">
      <Filter>Header Files</Filter>
    </ClInclude>
    <ClInclude Include="..\include\indri\OrNode.hpp">
      <Filter>Header Files</Filter>
    </ClInclude>
    <ClInclude Include="..\include\indri\Packer.hpp">
      <Filter>Header Files</Filter>
    </ClInclude>
    <ClInclude Include="..\include\indri\PageRank.hpp">
      <Filter>Header Files</Filter>
    </ClInclude>
    <ClInclude Include="..\include\indri\Parameters.hpp">
      <Filter>Header Files</Filter>
    </ClInclude>
    <ClInclude Include="..\include\indri\ParsedDocument.hpp">
      <Filter>Header Files</Filter>
    </ClInclude>
    <ClInclude Include="..\include\indri\ParserFactory.hpp">
      <Filter>Header Files</Filter>
    </ClInclude>
    <ClInclude Include="..\include\indri\Path.hpp">
      <Filter>Header Files</Filter>
    </ClInclude>
    <ClInclude Include="..\include\indri\PDFDocumentExtractor.hpp">
      <Filter>Header Files</Filter>
    </ClInclude>
    <ClInclude Include="..\include\indri\PlusNode.hpp">
      <Filter>Header Files</Filter>
    </ClInclude>
    <ClInclude Include="..\include\indri\PonteExpander.hpp">
      <Filter>Header Files</Filter>
    </ClInclude>
    <ClInclude Include="..\include\indri\Porter_Stemmer.hpp">
      <Filter>Header Files</Filter>
    </ClInclude>
    <ClInclude Include="..\include\indri\PorterStemmerTransformation.hpp">
      <Filter>Header Files</Filter>
    </ClInclude>
    <ClInclude Include="..\include\indri\PowerPointDocumentExtractor.hpp">
      <Filter>Header Files</Filter>
    </ClInclude>
    <ClInclude Include="..\include\indri\PriorFactory.hpp">
      <Filter>Header Files</Filter>
    </ClInclude>
    <ClInclude Include="..\include\indri\PriorListIterator.hpp">
      <Filter>Header Files</Filter>
    </ClInclude>
    <ClInclude Include="..\include\indri\PriorNode.hpp">
      <Filter>Header Files</Filter>
    </ClInclude>
    <ClInclude Include="..\include\indri\QueryAnnotation.hpp">
      <Filter>Header Files</Filter>
    </ClInclude>
    <ClInclude Include="..\include\indri\QueryEnvironment.hpp">
      <Filter>Header Files</Filter>
    </ClInclude>
    <ClInclude Include="..\include\indri\QueryExpander.hpp">
      <Filter>Header Files</Filter>
    </ClInclude>
    <ClInclude Include="..\include\indri\QueryLexer.hpp">
      <Filter>Header Files</Filter>
    </ClInclude>
    <ClInclude Include="..\include\indri\QueryLexerTokenTypes.hpp">
      <Filter>Header Files</Filter>
    </ClInclude>
    <ClInclude Include="..\include\indri\QueryParser.hpp">
      <Filter>Header Files</Filter>
    </ClInclude>
    <ClInclude Include="..\include\indri\QueryParserFactory.hpp">
      <Filter>Header Files</Filter>
    </ClInclude>
    <ClInclude Include="..\include\indri\QueryResponsePacker.hpp">
      <Filter>Header Files</Filter>
    </ClInclude>
    <ClInclude Include="..\include\indri\QueryResponseUnpacker.hpp">
      <Filter>Header Files</Filter>
    </ClInclude>
    <ClInclude Include="..\include\indri\QueryServer.hpp">
      <Filter>Header Files</Filter>
    </ClInclude>
    <ClInclude Include="..\include\indri\QuerySpec.hpp">
      <Filter>Header Files</Filter>
    </ClInclude>
    <ClInclude Include="..\include\indri\QueryStopper.hpp">
      <Filter>Header Files</Filter>
    </ClInclude>
    <ClInclude Include="..\include\indri\QueryTFWalker.hpp">
      <Filter>Header Files</Filter>
    </ClInclude>
    <ClInclude Include="..\include\indri\RawScorerNodeExtractor.hpp">
      <Filter>Header Files</Filter>
    </ClInclude>
    <ClInclude Include="..\include\indri\RawTextParser.hpp">
      <Filter>Header Files</Filter>
    </ClInclude>
    <ClInclude Include="..\include\indri\ReaderLockable.hpp">
      <Filter>Header Files</Filter>
    </ClInclude>
    <ClInclude Include="..\include\indri\ReadersWritersLock.hpp">
      <Filter>Header Files</Filter>
    </ClInclude>
    <ClInclude Include="..\include\indri\ref_ptr.hpp">
      <Filter>Header Files</Filter>
    </ClInclude>
    <ClInclude Include="..\include\indri\ReformulateQuery.hpp">
      <Filter>Header Files</Filter>
    </ClInclude>
    <ClInclude Include="..\include\indri\RegionAllocator.hpp">
      <Filter>Header Files</Filter>
    </ClInclude>
    <ClInclude Include="..\include\indri\RelevanceModel.hpp">
      <Filter>Header Files</Filter>
    </ClInclude>
    <ClInclude Include="..\include\indri\Repository.hpp">
      <Filter>Header Files</Filter>
    </ClInclude>
    <ClInclude Include="..\include\indri\RepositoryLoadThread.hpp">
      <Filter>Header Files</Filter>
    </ClInclude>
    <ClInclude Include="..\include\indri\RepositoryMaintenanceThread.hpp">
      <Filter>Header Files</Filter>
    </ClInclude>
    <ClInclude Include="..\include\indri\RMExpander.hpp">
      <Filter>Header Files</Filter>
    </ClInclude>
    <ClInclude Include="..\include\indri\RVLCompressStream.hpp">
      <Filter>Header Files</Filter>
    </ClInclude>
    <ClInclude Include="..\include\indri\RVLDecompressStream.hpp">
      <Filter>Header Files</Filter>
    </ClInclude>
    <ClInclude Include="..\include\indri\ScopedLock.hpp">
      <Filter>Header Files</Filter>
    </ClInclude>
    <ClInclude Include="..\include\indri\ScopedMonitor.hpp">
      <Filter>Header Files</Filter>
    </ClInclude>
    <ClInclude Include="..\include\indri\ScoredExtentAccumulator.hpp">
      <Filter>Header Files</Filter>
    </ClInclude>
    <ClInclude Include="..\include\indri\ScoredExtentResult.hpp">
      <Filter>Header Files</Filter>
    </ClInclude>
    <ClInclude Include="..\include\indri\SequentialReadBuffer.hpp">
      <Filter>Header Files</Filter>
    </ClInclude>
    <ClInclude Include="..\include\indri\SequentialWriteBuffer.hpp">
      <Filter>Header Files</Filter>
    </ClInclude>
    <ClInclude Include="..\include\indri\ShrinkageBeliefNode.hpp">
      <Filter>Header Files</Filter>
    </ClInclude>
    <ClInclude Include="..\include\indri\SimpleCopier.hpp">
      <Filter>Header Files</Filter>
    </ClInclude>
    <ClInclude Include="..\include\indri\SkippingCapableNode.hpp">
      <Filter>Header Files</Filter>
    </ClInclude>
    <ClInclude Include="..\include\indri\SmoothingAnnotatorWalker.hpp">
      <Filter>Header Files</Filter>
    </ClInclude>
    <ClInclude Include="..\include\indri\SnippetBuilder.hpp">
      <Filter>Header Files</Filter>
    </ClInclude>
    <ClInclude Include="..\include\indri\StemmerFactory.hpp">
      <Filter>Header Files</Filter>
    </ClInclude>
    <ClInclude Include="..\include\indri\StopperTransformation.hpp">
      <Filter>Header Files</Filter>
    </ClInclude>
    <ClInclude Include="..\include\indri\StopStructureRemover.hpp">
      <Filter>Header Files</Filter>
    </ClInclude>
    <ClInclude Include="..\include\indri\SumNode.hpp">
      <Filter>Header Files</Filter>
    </ClInclude>
    <ClInclude Include="..\include\indri\Tag.hpp">
      <Filter>Header Files</Filter>
    </ClInclude>
    <ClInclude Include="..\include\indri\TagDocumentIterator.hpp">
      <Filter>Header Files</Filter>
    </ClInclude>
    <ClInclude Include="..\include\indri\TagEvent.hpp">
      <Filter>Header Files</Filter>
    </ClInclude>
    <ClInclude Include="..\include\indri\TagExtent.hpp">
      <Filter>Header Files</Filter>
    </ClInclude>
    <ClInclude Include="..\include\indri\TaggedDocumentIterator.hpp">
      <Filter>Header Files</Filter>
    </ClInclude>
    <ClInclude Include="..\include\indri\TaggedTextParser.hpp">
      <Filter>Header Files</Filter>
    </ClInclude>
    <ClInclude Include="..\include\indri\TagList.hpp">
      <Filter>Header Files</Filter>
    </ClInclude>
    <ClInclude Include="..\include\indri\TermBitmap.hpp">
      <Filter>Header Files</Filter>
    </ClInclude>
    <ClInclude Include="..\include\indri\TermData.hpp">
      <Filter>Header Files</Filter>
    </ClInclude>
    <ClInclude Include="..\include\indri\TermExtent.hpp">
      <Filter>Header Files</Filter>
    </ClInclude>
    <ClInclude Include="..\include\indri\TermFieldStatistics.hpp">
      <Filter>Header Files</Filter>
    </ClInclude>
    <ClInclude Include="..\include\indri\TermFrequencyBeliefNode.hpp">
      <Filter>Header Files</Filter>
    </ClInclude>
    <ClInclude Include="..\include\indri\TermList.hpp">
      <Filter>Header Files</Filter>
    </ClInclude>
    <ClInclude Include="..\include\indri\TermListFileIterator.hpp">
      <Filter>Header Files</Filter>
    </ClInclude>
    <ClInclude Include="..\include\indri\TermRecorder.hpp">
      <Filter>Header Files</Filter>
    </ClInclude>
    <ClInclude Include="..\include\indri\TermScoreFunction.hpp">
      <Filter>Header Files</Filter>
    </ClInclude>
    <ClInclude Include="..\include\indri\TermScoreFunctionFactory.hpp">
      <Filter>Header Files</Filter>
    </ClInclude>
    <ClInclude Include="..\include\indri\TermTranslator.hpp">
      <Filter>Header Files</Filter>
    </ClInclude>
    <ClInclude Include="..\include\indri\TextDocumentExtractor.hpp">
      <Filter>Header Files</Filter>
    </ClInclude>
    <ClInclude Include="..\include\indri\TextParser.hpp">
      <Filter>Header Files</Filter>
    </ClInclude>
    <ClInclude Include="..\include\indri\TextTokenizer.hpp">
      <Filter>Header Files</Filter>
    </ClInclude>
    <ClInclude Include="..\include\indri\TFIDFExpander.hpp">
      <Filter>Header Files</Filter>
    </ClInclude>
    <ClInclude Include="..\include\indri\TFIDFTermScoreFunction.hpp">
      <Filter>Header Files</Filter>
    </ClInclude>
    <ClInclude Include="..\include\indri\Thread.hpp">
      <Filter>Header Files</Filter>
    </ClInclude>
    <ClInclude Include="..\include\indri\TokenizedDocument.hpp">
      <Filter>Header Files</Filter>
    </ClInclude>
    <ClInclude Include="..\include\indri\TokenizerFactory.hpp">
      <Filter>Header Files</Filter>
    </ClInclude>
    <ClInclude Include="..\include\indri\Transformation.hpp">
      <Filter>Header Files</Filter>
    </ClInclude>
    <ClInclude Include="..\include\indri\TreePrinterWalker.hpp">
      <Filter>Header Files</Filter>
    </ClInclude>
    <ClInclude Include="..\include\indri\TwoStageTermScoreFunction.hpp">
      <Filter>Header Files</Filter>
    </ClInclude>
    <ClInclude Include="..\include\indri\uint64comp.hpp">
      <Filter>Header Files</Filter>
    </ClInclude>
    <ClInclude Include="..\include\indri\UnnecessaryNodeRemoverCopier.hpp">
      <Filter>Header Files</Filter>
    </ClInclude>
    <ClInclude Include="..\include\indri\UnorderedWindowNode.hpp">
      <Filter>Header Files</Filter>
    </ClInclude>
    <ClInclude Include="..\include\indri\Unpacker.hpp">
      <Filter>Header Files</Filter>
    </ClInclude>
    <ClInclude Include="..\include\indri\UnparsedDocument.hpp">
      <Filter>Header Files</Filter>
    </ClInclude>
    <ClInclude Include="..\include\indri\URLTextAnnotator.hpp">
      <Filter>Header Files</Filter>
    </ClInclude>
    <ClInclude Include="..\include\indri\UTF8CaseNormalizationTransformation.hpp">
      <Filter>Header Files</Filter>
    </ClInclude>
    <ClInclude Include="..\include\indri\UTF8Transcoder.hpp">
      <Filter>Header Files</Filter>
    </ClInclude>
    <ClInclude Include="..\include\indri\UtilityThread.hpp">
      <Filter>Header Files</Filter>
    </ClInclude>
    <ClInclude Include="..\include\indri\VocabularyIterator.hpp">
      <Filter>Header Files</Filter>
    </ClInclude>
    <ClInclude Include="..\include\indri\Walker.hpp">
      <Filter>Header Files</Filter>
    </ClInclude>
    <ClInclude Include="..\include\indri\WARCDocumentIterator.hpp">
      <Filter>Header Files</Filter>
    </ClInclude>
    <ClInclude Include="..\include\indri\WeightedAndNode.hpp">
      <Filter>Header Files</Filter>
    </ClInclude>
    <ClInclude Include="..\include\indri\WeightedExtentOrNode.hpp">
      <Filter>Header Files</Filter>
    </ClInclude>
    <ClInclude Include="..\include\indri\WeightedSumNode.hpp">
      <Filter>Header Files</Filter>
    </ClInclude>
    <ClInclude Include="..\include\indri\WeightFoldingCopier.hpp">
      <Filter>Header Files</Filter>
    </ClInclude>
    <ClInclude Include="..\include\indri\WordDocumentExtractor.hpp">
      <Filter>Header Files</Filter>
    </ClInclude>
    <ClInclude Include="..\include\indri\WPlusNode.hpp">
      <Filter>Header Files</Filter>
    </ClInclude>
    <ClInclude Include="..\include\indri\WriterLockable.hpp">
      <Filter>Header Files</Filter>
    </ClInclude>
    <ClInclude Include="..\include\indri\XMLNode.hpp">
      <Filter>Header Files</Filter>
    </ClInclude>
    <ClInclude Include="..\include\indri\XMLReader.hpp">
      <Filter>Header Files</Filter>
    </ClInclude>
    <ClInclude Include="..\include\indri\XMLWriter.hpp">
      <Filter>Header Files</Filter>
    </ClInclude>
  </ItemGroup>
</Project>
